hash: 808aff337f06e7dc704f2a4a3de0745312c07b1681cf6c7470a62e4efed20e17
updated: 2018-02-07T20:45:58.163024819-08:00
imports:
- name: github.com/beorn7/perks
  version: 4c0e84591b9aa9e6dcfdf3e020114cd81f89d5f9
  subpackages:
  - quantile
- name: github.com/bitbandi/go-nicehash-api
  version: c65ec73a22b625e4e7907020014bf2c7793e6170
- name: github.com/dghubble/sling
  version: 80ec33c6152a53edb5545864ca37567b506c4ca5
- name: github.com/golang/protobuf
  version: 5afd06f9d81a86d6e3bb7dc702d6bd148ea3ff23
  subpackages:
  - proto
- name: github.com/google/go-querystring
  version: 53e6ce116135b80d037921a7fdd5138cf32d7a8a
  subpackages:
  - query
- name: github.com/gostudent/coindesk
  version: 2f4a2c19ec9fa2a99fbf0ce8c8e7881164bdbd33
- name: github.com/matttproud/golang_protobuf_extensions
  version: c12348ce28de40eed0136aa2b644d0ee0650e56c
  subpackages:
  - pbutil
- name: github.com/prometheus/client_golang
  version: 967789050ba94deca04a5e84cce8ad472ce313c1
  subpackages:
  - prometheus
  - prometheus/promhttp
- name: github.com/prometheus/client_model
  version: 6f3806018612930941127f2a7c6c453ba2c527d2
  subpackages:
  - go
- name: github.com/prometheus/common
  version: bc8b88226a1210b016e9993b1d75f858c9c8f778
  subpackages:
  - expfmt
  - internal/bitbucket.org/ww/goautoneg
  - model
- name: github.com/prometheus/procfs
  version: e645f4e5aaa8506fc71d6edbc5c4ff02c04c46f2
  subpackages:
  - xfs
- name: github.com/tidwall/gjson
  version: 87033efcaec6215741137e8ca61952c53ef2685d
- name: github.com/tidwall/match
  version: 1731857f09b1f38450e2c12409748407822dc6be
testImports: []
